{
    "_meta": {
        "hash": {
            "sha256": "24cef74402d3856fd71c40fd9756e67fb6781066c408affeedc7c5ea1873f40d"
        },
        "pipfile-spec": 6,
        "requires": {
            "python_version": "3.8"
        },
        "sources": [
            {
                "name": "pip_conf_index_global",
                "url": "https://pypi.tuna.tsinghua.edu.cn/simple",
                "verify_ssl": true
            }
        ]
    },
    "default": {
        "cadquery": {
            "hashes": [
                "sha256:2bdd3cc37639c5a9485d394d081334769c2b9e2fee6a42c0ca53e64fd9ff6a8d",
                "sha256:eb28dfe8e003fc0663391d1d8f51bf5dab091facdded46cfb3d919676eefcd36"
            ],
            "index": "pip_conf_index_global",
            "version": "==2.3.1"
        },
        "cadquery-ocp": {
            "hashes": [
                "sha256:00bc8dc746036473482bd5ad1e4dd51d958bad435589674cd8faa0720174dda2",
                "sha256:01c81b233ada506950af3dada63b9e694786ff6442fbecffcffe20719a500d8d",
                "sha256:02f52354792123936da27792bd1c39f573b608e07de465f5a9b23a10137c0069",
                "sha256:170a8edfe35309c3186dec87c26f340f1d46c8633c970eaa0d9517b3df68247a",
                "sha256:18d57d98f7544770a8a0d4c61802afcf1ba8cef09fed17883b628b0292cb3704",
                "sha256:2e121f08b8ffd776b61057b8425c3ddf34a9b6db669ef459be8c490db471ebf3",
                "sha256:3851ea3a167e57419b09301e69d725c9132e43b32ee058fa94ccc6ea05d59baa",
                "sha256:3c9c6b4b89724718c42ad078e5d2ce23f78737912f4378e76a904c6053655977",
                "sha256:3d7c8e742765d11f46d37cb571db330341c5722d7fdac2927f9ea89202f0d3ac",
                "sha256:496c4ad590ef92c41cce0dad07d56976deaf945dd61c63264b33958ef12030df",
                "sha256:623d5828e91eea27b8dd28b04cadf97d2e5e5c1958b00497f3f9218368a93b5d",
                "sha256:6c54559120da913ad3e4d0d0de3695d373db4de2288389b11e2fe9add8004048",
                "sha256:7804c3e5fafe21695de12bba4bd57a9575f036c67efcd9524f05ebf55f883975",
                "sha256:7878408c066bbc588d17086a96a92fb80b021abc2e64ddf133e30f597fe93050",
                "sha256:7e8a3dfb98aef4f049c3a3d57b232f1b4d279fdd3b343f858305ab034fee5044",
                "sha256:8d059724ff948debe47a4c962678363e193018a266a756d33c8dd3b3a8498da2",
                "sha256:8f961d43088d65aaacbde4f4e10a89ee4ecc533bf9354e07542d145011fd902e",
                "sha256:a7f8d1d36b990fa6f29d336d873763f0b3983ad76cd6f28f4f10876b4ec3b7bc",
                "sha256:a87b679e82dc15ebc28935cb61c16bdf21e058c4ef321525f2e25a0960a75f62",
                "sha256:b167faa03f4c12193ed7a5dabae0d7544432b50503ad800d97288a0aef5bd909",
                "sha256:cfa16341b229ec0f650a11ce43888be8a2688d39f58c4c762b7a85011785e773",
                "sha256:e4559c4e64871f5cff758e03c3edca5b5f50f8dfcb7c0c956c9a86f4e950c307",
                "sha256:e8b0ece51a38bdb5295b3c2b334d598ac363728d43b951054bfc5d1b47e5793c",
                "sha256:f8d0a66b8cbbb49172821b01b1965530b256ab998b3901dd34cac56d84a729aa"
            ],
            "version": "==7.7.0"
        },
        "casadi": {
            "hashes": [
                "sha256:012970fec19a88326e010b8e8ef4d569e32246dabb8cad86c485263e3961f3b1",
                "sha256:041639615a866a7244e88905c40c15ef8f84bdedf0b4f92f72e4c5b56f8fe2dc",
                "sha256:0a5383b295a499312657eb5c99a0e8f22e8bb06da774663bae69b322ec34dd6d",
                "sha256:0e6f2ae61abb3969ccf9503e2ee576a4f5b437ba40a082e26660a5d9513c839c",
                "sha256:1995029b4f11d492cb5277645534bdd377340eaabe51dba3c6d9ed3a25f83f4c",
                "sha256:2a953bd001327c9ae79018a1efa455852c8a4b4f47f5bdda5f0a07ec820d1880",
                "sha256:387e4832a6b98ecf71d7c6ceb129ca7bfe120dd6705162aecee70df13bd8cb62",
                "sha256:397b3754a0560e9c4ebb3ce9220bfe5194f6ef63dca6caa6695b7e43a170895b",
                "sha256:39a73fa7383862abae27ebe4158d23d588286b22d74505af8569f4b91acc51d7",
                "sha256:3a184a4930a046ee788923a129032372f043027df7a2e08d25fd1fe72d1da8bd",
                "sha256:3a3685525a278f5b450b8be9ab14bb367f2d0fc97f8400021ba406f63fab7795",
                "sha256:406423816ef79ba82e579bd999ba9aaa16ffcb071261d8ff32e3c404ee1e816b",
                "sha256:418d345e47cbc957a49e28c7765a7f6e37f5eb73ab969e6c6cfcd204189c559c",
                "sha256:44ceea824512a594b286fff7646470d7ac58e363bcb40ce23a6ec0577e6af3f9",
                "sha256:4c718672247d12b437f5b8b2f62eae5c6541bd9125f233ae4977fbf3b2ff2de7",
                "sha256:4d41d07a9a4c1cd9aa55a43ffe8921721dc5937b124075e903b4c0948e5dcb9b",
                "sha256:501ac40357dae0d224499f1b41b7d409703137ac7c8c1bcbb26444cff9d00de3",
                "sha256:5177b2592f4c147fec882fad92b7282262979bdf8ad5a337f6531464eee19226",
                "sha256:55cff88af39c486895d5d6ec3c1862050dbd51ca879df81be1b1c86cb97e9115",
                "sha256:5990366a5266dda537d45c6df583001a1519b86db00e1725e2d17304500e511d",
                "sha256:62fcabf79dfc1f3b7cf06eca1408556bc74a59a9de9dde4b779eff20ac243006",
                "sha256:6632b30197aa0d491afb7f6d30980636342eaf8a88fe7680c5eb3a37d4013c01",
                "sha256:692c284d838d11052c08fc8b38357858607f701ea6495bf9e22a0f2033811325",
                "sha256:6b15e0bf452f7b3dface72e7d75ef2fe8566574abec51313540a6a251243e099",
                "sha256:6f9c1fadfb1eb729f8906f01cd2b45f542846a386fb63d59eb1872451dda8de3",
                "sha256:7093cb7182db81b6184148121d61a68876ff9be55fb73c456927a344ff5983a2",
                "sha256:7972b476b20557592fd1193140e6d1067a91b98cbc96767b3ec2f68e500c5342",
                "sha256:7e80e8eee3bb174f941d592dbc440f57c76c5d81bad59f3a361dbf47e6175a43",
                "sha256:8357cfae956d1c4d2c8e765e93fcfad537f83e8278d2bd7c9d4f66213fdc6f4e",
                "sha256:884c07617fbbedbd047900d6f2ab86e933064efc517b973fa4139fc60543e498",
                "sha256:9a2aab9799e8a597b737c8ebbde6fce9cad6177d51fef8f73310d429e4b76cb4",
                "sha256:9ba455b1afc4b70249810098458951bd37cb346350ed00e913ec93ddb3f15251",
                "sha256:9c8d360ee80dd65c0c7625e3dccfabdd6e78629a754fb28f6fd77e3d4893dc80",
                "sha256:a74cf436d42adf69d5ea16ba13d95f40585e148e856d00553f96740704fe2a03",
                "sha256:b7148bc8b107b1bae4f66fe5b815edb69aca69de8ead2ee25e1b059781654550",
                "sha256:bede02743ac570b6289e8496563aa326dd4fdecc8c3e4f817b909cf6bc1b42cc",
                "sha256:c0bcd64e8bb0db6e6dcc24d1ee10ef7f2305ed2e9d2786c1dcae43e7fcd05943",
                "sha256:ce42fb3df4e795bbb2178c4f9929bd8d0d359890ae1225c64a0c2795374fda25",
                "sha256:d5b5d49b3749aa075678206645b106fea104485285441f771ba5ef347d4bc394",
                "sha256:d5b917443733123c634dbde7e5f971ffb87994af01c0d0d528f6d10ac78d97f7",
                "sha256:d86511c92f09fa464937098bb47b5cdfd07952a0a2b236938b9370537e4532d6",
                "sha256:de87a486a4578f609bb93327004ee0a4598723cff5c0118828e1de31f01ea65b",
                "sha256:e5bb5ae64de87568c5c3895ca649b209283e2ad61ddeaef1685c7e856e4044e0"
            ],
            "version": "==3.6.3"
        },
        "certifi": {
            "hashes": [
                "sha256:539cc1d13202e33ca466e88b2807e29f4c13049d6d87031a3c110744495cb082",
                "sha256:92d6037539857d8206b8f6ae472e8b77db8058fec5937a1ef3f54304089edbb9"
            ],
            "markers": "python_version >= '3.6'",
            "version": "==2023.7.22"
        },
        "charset-normalizer": {
            "hashes": [
                "sha256:04e57ab9fbf9607b77f7d057974694b4f6b142da9ed4a199859d9d4d5c63fe96",
                "sha256:09393e1b2a9461950b1c9a45d5fd251dc7c6f228acab64da1c9c0165d9c7765c",
                "sha256:0b87549028f680ca955556e3bd57013ab47474c3124dc069faa0b6545b6c9710",
                "sha256:1000fba1057b92a65daec275aec30586c3de2401ccdcd41f8a5c1e2c87078706",
                "sha256:1249cbbf3d3b04902ff081ffbb33ce3377fa6e4c7356f759f3cd076cc138d020",
                "sha256:1920d4ff15ce893210c1f0c0e9d19bfbecb7983c76b33f046c13a8ffbd570252",
                "sha256:193cbc708ea3aca45e7221ae58f0fd63f933753a9bfb498a3b474878f12caaad",
                "sha256:1a100c6d595a7f316f1b6f01d20815d916e75ff98c27a01ae817439ea7726329",
                "sha256:1f30b48dd7fa1474554b0b0f3fdfdd4c13b5c737a3c6284d3cdc424ec0ffff3a",
                "sha256:203f0c8871d5a7987be20c72442488a0b8cfd0f43b7973771640fc593f56321f",
                "sha256:246de67b99b6851627d945db38147d1b209a899311b1305dd84916f2b88526c6",
                "sha256:2dee8e57f052ef5353cf608e0b4c871aee320dd1b87d351c28764fc0ca55f9f4",
                "sha256:2efb1bd13885392adfda4614c33d3b68dee4921fd0ac1d3988f8cbb7d589e72a",
                "sha256:2f4ac36d8e2b4cc1aa71df3dd84ff8efbe3bfb97ac41242fbcfc053c67434f46",
                "sha256:3170c9399da12c9dc66366e9d14da8bf7147e1e9d9ea566067bbce7bb74bd9c2",
                "sha256:3b1613dd5aee995ec6d4c69f00378bbd07614702a315a2cf6c1d21461fe17c23",
                "sha256:3bb3d25a8e6c0aedd251753a79ae98a093c7e7b471faa3aa9a93a81431987ace",
                "sha256:3bb7fda7260735efe66d5107fb7e6af6a7c04c7fce9b2514e04b7a74b06bf5dd",
                "sha256:41b25eaa7d15909cf3ac4c96088c1f266a9a93ec44f87f1d13d4a0e86c81b982",
                "sha256:45de3f87179c1823e6d9e32156fb14c1927fcc9aba21433f088fdfb555b77c10",
                "sha256:46fb8c61d794b78ec7134a715a3e564aafc8f6b5e338417cb19fe9f57a5a9bf2",
                "sha256:48021783bdf96e3d6de03a6e39a1171ed5bd7e8bb93fc84cc649d11490f87cea",
                "sha256:4957669ef390f0e6719db3613ab3a7631e68424604a7b448f079bee145da6e09",
                "sha256:5e86d77b090dbddbe78867a0275cb4df08ea195e660f1f7f13435a4649e954e5",
                "sha256:6339d047dab2780cc6220f46306628e04d9750f02f983ddb37439ca47ced7149",
                "sha256:681eb3d7e02e3c3655d1b16059fbfb605ac464c834a0c629048a30fad2b27489",
                "sha256:6c409c0deba34f147f77efaa67b8e4bb83d2f11c8806405f76397ae5b8c0d1c9",
                "sha256:7095f6fbfaa55defb6b733cfeb14efaae7a29f0b59d8cf213be4e7ca0b857b80",
                "sha256:70c610f6cbe4b9fce272c407dd9d07e33e6bf7b4aa1b7ffb6f6ded8e634e3592",
                "sha256:72814c01533f51d68702802d74f77ea026b5ec52793c791e2da806a3844a46c3",
                "sha256:7a4826ad2bd6b07ca615c74ab91f32f6c96d08f6fcc3902ceeedaec8cdc3bcd6",
                "sha256:7c70087bfee18a42b4040bb9ec1ca15a08242cf5867c58726530bdf3945672ed",
                "sha256:855eafa5d5a2034b4621c74925d89c5efef61418570e5ef9b37717d9c796419c",
                "sha256:8700f06d0ce6f128de3ccdbc1acaea1ee264d2caa9ca05daaf492fde7c2a7200",
                "sha256:89f1b185a01fe560bc8ae5f619e924407efca2191b56ce749ec84982fc59a32a",
                "sha256:8b2c760cfc7042b27ebdb4a43a4453bd829a5742503599144d54a032c5dc7e9e",
                "sha256:8c2f5e83493748286002f9369f3e6607c565a6a90425a3a1fef5ae32a36d749d",
                "sha256:8e098148dd37b4ce3baca71fb394c81dc5d9c7728c95df695d2dca218edf40e6",
                "sha256:94aea8eff76ee6d1cdacb07dd2123a68283cb5569e0250feab1240058f53b623",
                "sha256:95eb302ff792e12aba9a8b8f8474ab229a83c103d74a750ec0bd1c1eea32e669",
                "sha256:9bd9b3b31adcb054116447ea22caa61a285d92e94d710aa5ec97992ff5eb7cf3",
                "sha256:9e608aafdb55eb9f255034709e20d5a83b6d60c054df0802fa9c9883d0a937aa",
                "sha256:a103b3a7069b62f5d4890ae1b8f0597618f628b286b03d4bc9195230b154bfa9",
                "sha256:a386ebe437176aab38c041de1260cd3ea459c6ce5263594399880bbc398225b2",
                "sha256:a38856a971c602f98472050165cea2cdc97709240373041b69030be15047691f",
                "sha256:a401b4598e5d3f4a9a811f3daf42ee2291790c7f9d74b18d75d6e21dda98a1a1",
                "sha256:a7647ebdfb9682b7bb97e2a5e7cb6ae735b1c25008a70b906aecca294ee96cf4",
                "sha256:aaf63899c94de41fe3cf934601b0f7ccb6b428c6e4eeb80da72c58eab077b19a",
                "sha256:b0dac0ff919ba34d4df1b6131f59ce95b08b9065233446be7e459f95554c0dc8",
                "sha256:baacc6aee0b2ef6f3d308e197b5d7a81c0e70b06beae1f1fcacffdbd124fe0e3",
                "sha256:bf420121d4c8dce6b889f0e8e4ec0ca34b7f40186203f06a946fa0276ba54029",
                "sha256:c04a46716adde8d927adb9457bbe39cf473e1e2c2f5d0a16ceb837e5d841ad4f",
                "sha256:c0b21078a4b56965e2b12f247467b234734491897e99c1d51cee628da9786959",
                "sha256:c1c76a1743432b4b60ab3358c937a3fe1341c828ae6194108a94c69028247f22",
                "sha256:c4983bf937209c57240cff65906b18bb35e64ae872da6a0db937d7b4af845dd7",
                "sha256:c4fb39a81950ec280984b3a44f5bd12819953dc5fa3a7e6fa7a80db5ee853952",
                "sha256:c57921cda3a80d0f2b8aec7e25c8aa14479ea92b5b51b6876d975d925a2ea346",
                "sha256:c8063cf17b19661471ecbdb3df1c84f24ad2e389e326ccaf89e3fb2484d8dd7e",
                "sha256:ccd16eb18a849fd8dcb23e23380e2f0a354e8daa0c984b8a732d9cfaba3a776d",
                "sha256:cd6dbe0238f7743d0efe563ab46294f54f9bc8f4b9bcf57c3c666cc5bc9d1299",
                "sha256:d62e51710986674142526ab9f78663ca2b0726066ae26b78b22e0f5e571238dd",
                "sha256:db901e2ac34c931d73054d9797383d0f8009991e723dab15109740a63e7f902a",
                "sha256:e03b8895a6990c9ab2cdcd0f2fe44088ca1c65ae592b8f795c3294af00a461c3",
                "sha256:e1c8a2f4c69e08e89632defbfabec2feb8a8d99edc9f89ce33c4b9e36ab63037",
                "sha256:e4b749b9cc6ee664a3300bb3a273c1ca8068c46be705b6c31cf5d276f8628a94",
                "sha256:e6a5bf2cba5ae1bb80b154ed68a3cfa2fa00fde979a7f50d6598d3e17d9ac20c",
                "sha256:e857a2232ba53ae940d3456f7533ce6ca98b81917d47adc3c7fd55dad8fab858",
                "sha256:ee4006268ed33370957f55bf2e6f4d263eaf4dc3cfc473d1d90baff6ed36ce4a",
                "sha256:eef9df1eefada2c09a5e7a40991b9fc6ac6ef20b1372abd48d2794a316dc0449",
                "sha256:f058f6963fd82eb143c692cecdc89e075fa0828db2e5b291070485390b2f1c9c",
                "sha256:f25c229a6ba38a35ae6e25ca1264621cc25d4d38dca2942a7fce0b67a4efe918",
                "sha256:f2a1d0fd4242bd8643ce6f98927cf9c04540af6efa92323e9d3124f57727bfc1",
                "sha256:f7560358a6811e52e9c4d142d497f1a6e10103d3a6881f18d04dbce3729c0e2c",
                "sha256:f779d3ad205f108d14e99bb3859aa7dd8e9c68874617c72354d7ecaec2a054ac",
                "sha256:f87f746ee241d30d6ed93969de31e5ffd09a2961a051e60ae6bddde9ec3583aa"
            ],
            "markers": "python_full_version >= '3.7.0'",
            "version": "==3.2.0"
        },
        "cqparts": {
            "hashes": [
                "sha256:277e67a1c9ee80d52ae4c827375e0e9d1d00302379beb30117f4049034faf412",
                "sha256:dbb9fba045497aeeea53bfe7e2b9e975ce34053aca2d5ea1f659528144d18316"
            ],
            "index": "pip_conf_index_global",
            "version": "==0.2.1"
        },
        "ezdxf": {
            "hashes": [
                "sha256:039073d23fb33090f0aa8721b08ebeae19b77b9c11f2d68a0ef004a1334cbc27",
                "sha256:052c9ce4dde35cbc919d0c2eebc0ff297cc9061db9d6fb800e6d35fb8a9df754",
                "sha256:05d15a09518168b946463f74143e3da2ec8ff48bbbdaf42c4c856259d56ca0ce",
                "sha256:078ec2a38d879d3d3c095df935bde85123ec94dddf8b26d43ac41959288756b0",
                "sha256:0a4394a119dfa22c4361e6c31d76ff3a7c1f78181f7de56d3bd2a8906a377d50",
                "sha256:0eb766decf836639f9ccd58d89c4e8e04e939a86e203c33472c13327733acb98",
                "sha256:14934d33f11cc2c6d03849d0df573ceb1d3d626f6057d8dc5a6c312d702917f7",
                "sha256:15495c0609fe464dfe8231a66c950e523704a63f695687ba8b454d1bbbd42166",
                "sha256:1cf75ebb1be7388d6ea62654be377ba33d7de6ff30d9168d269a5636341f1818",
                "sha256:1f68a762c29b163ae1f9217db5608a7ca5b1ac7ccf8f4e702b7e26452d7d21ed",
                "sha256:2798938cc81fa1ab5df9e3625db797189e9639053b04eb055dad0168b8fe9484",
                "sha256:289621424f3ae46565599be545a0543b55780b2fabb55177edba8079b322ae6b",
                "sha256:2a0f455fece712e7481961e767d814fc3bb3ac977cb91a1b9dddbff064db650f",
                "sha256:2b1af9296b039ad267a94f7eee1be572dcacd724224b3164c7b0a700a7e6ec1d",
                "sha256:2d30b817a43bee0b16ede5ef1c17a6aabc19d1f9dab39f0f93262de707b7d8fa",
                "sha256:31968c254dcd6e55b52236612b18ec69dac63069358f0f019d75e3f453c85ba1",
                "sha256:36724421d9a62b5c2cc68b5ab7569222074d4d814bf2a3a6b1a35bb41fea6bc5",
                "sha256:386fab808f3df7d6f635f867cf486f6a2598af5465f42fc4cfcf76253bce0580",
                "sha256:3e0d4fd881a69131620d9b78a21b6b8fe67d99a4c454618a7f04e6cd2821938d",
                "sha256:4099bbaa33b816d86d7e3791ed9a55b359bd228862eef2caa7057e0ad55cb309",
                "sha256:429ab09674edc4bbd86cae2e7f87a281a52dc3d98a0ffbe75f67831c99e2783d",
                "sha256:49ce00468c326d1b8c62bf8c0c88df03ceadc6c964806db1f19ef60d8bd104ae",
                "sha256:4bcc47e82cc6be8fa6350d223ddfcc74f1d19de7af45a7ac02ec8bebc6f2cbf5",
                "sha256:4c7cf47def774def6df58a863ed99d4caef261c250b7d13cd21827b07930b250",
                "sha256:4d94734b116e62a9a8046b2254efc58608682323dae7d72c5206ff56345da505",
                "sha256:4dba6fb9cff30048fdee22b18b7f42864a37c78330a68082dfc53672161212f7",
                "sha256:4e1b63ea84bc4b5593daf00f7dd4abc6447c65a6394533de95584c6bb93c5065",
                "sha256:53c3f68273da68b855f6043a047d42d26838a8c1d0037d19a2e22eec9610d6b8",
                "sha256:563ba5deed2a4fecefb347f6cdd0f15a520538dbbb2df16b89e5e000b950fa3e",
                "sha256:58843ef963399d2665a29dec4b2a647126f04edc1e42465ce8711ddcffa97e01",
                "sha256:5d2161624b475edb76d3119627b68e5262859f22dc9fece172937e32f5706f6e",
                "sha256:62de8ba143cdabaa4a320771d735aa160e20caa4b6f7b110c67f9817233db695",
                "sha256:6bec7264da04e949e31116f54e4712ae12782670c14c1588b60b36ef1932a08a",
                "sha256:6cdaa1a88b780b3e28665424ffc5b826972a94e8e7ccb86b049171383665e70f",
                "sha256:6d0f11c80226590a41ba3f9a806ef4c9926d1b623e43f465d2f0ab6d58595c72",
                "sha256:7394cdc441ffdb9fc355471dbfd6b055adc6900e1138b535ee1f4e36c223a6f2",
                "sha256:73bfaa1b165f36b27ce205d505f65468ff6accaa321b430566e2fae9b5c88b58",
                "sha256:77af0f9e7f821d8ab1efc68af0c9cf6baeaf11f0be990c90a6f85cb17273b99e",
                "sha256:77ddab2dc2da08f99c9b88f77b1cba09ce6fd12ca29199ec177b10c8fdd99653",
                "sha256:77e0219b859b135d912b897a4e903d16ba5238bfa28929aaded2ff0237f181e8",
                "sha256:79b155120ef83d6e994ab1831d814c3f39b2e3f89489310c551f8d7e30c1c5fd",
                "sha256:7f92645fd0750455545eb25f20addb4bd42fab7f8c5cd82626357f7e3bbf5c0d",
                "sha256:81dcd85971977de9d804e9c6fd6bf73bb423c3164c103c6c46839f985f258577",
                "sha256:844714fe46572269ab42d0538686fbaad092e4672890ad89d6ab998eae1cfa07",
                "sha256:849202f1f18b5c7de9d4b019c5d931bde25ddf88019dc50d10c1c847c745031d",
                "sha256:88c8c0bed8c9c6b0dc66d39786501eed404463cab8fa9097b57b5da5c1917ab8",
                "sha256:90d40fc62fd6ccec45d47bf52a6c0caca298620b6e08fbcd14ba40d59341f04b",
                "sha256:91c0f4963bc2f8eedf8679e16b6a44ed5c766a66a9bf014c7e9266a57cf6003e",
                "sha256:91dafc1063d70e6ffe74a5b50dc96784da3eb6db8be579ae0c3431a5b3672183",
                "sha256:9ea5527721ab5bfc21180c2da0520c44e61d47ecf7bb98e56ebc52d8d3d788f8",
                "sha256:a14f67f9b9a0dd747d10c804fd8c59eaa8dc1df00a49c31260294ef144467450",
                "sha256:a44b24559aeb9fc6249d1465b5a05b5b9c5bd5ad9110fd9b695505671a63509f",
                "sha256:a63592e8cbc5b8f7f0bb327b695182cb384b82fc967e5e4b5e9a879b65dabc3c",
                "sha256:a635c85c4d1df4f4b1cf034b2f2d7c754a266333da344c5fed805fdecbcadc14",
                "sha256:a865bc6be198534a2a7ae3ed23db8094318930c195ce8c4633573e2d332ced45",
                "sha256:a8f2b31d258f955c38570b69cb32e8a0bca227919bc32859ed722f4948153340",
                "sha256:aa43ad2b1f0f81cb5534911f9fe2ee71414fc75cb51478b49cbf2cde05e57129",
                "sha256:acf52f2cdd2afa3a9754fac8f35af02d3b7de2f02554bfc8e1be0454b550a070",
                "sha256:ae4404e682cc4493c5fde9efc1d027eba80a786cf36192202f208759dca1511e",
                "sha256:ae86ddbcdd346d68b2b64d49abee7dcaf66561ad25056f3b0254eb11e7aa3097",
                "sha256:b1de7aa1b46f456118a4719bd0c6d1b41b7862dc0b47620d706a66f88dca5fe9",
                "sha256:b93409638f218fa20701dee1d3293ead690eb61d8a9644eced9c89ce0a1d2260",
                "sha256:b97b9b66d33d17bfe9f5bec862c9d5536539503a2076f30d7c78aced40e9c24e",
                "sha256:bace1f78d0fa1f443b551ba7d8877906459a38d6b3a331c41e7809a84121fb6b",
                "sha256:be9916ce83d55fb768341725f089cac4bce5b854127c94671a3407deeed05b48",
                "sha256:c2db6569bd31fb5fd5cc9a591d8752d8b467e4503d5de2f501c675ace43ded74",
                "sha256:c341a991f9f23be6d90bfe64e7af382cc48391fd3d030f206b9126e487f06f82",
                "sha256:c857abe67c05d58c5123fa676f7453e68388bada31bf943a72f5b270562036de",
                "sha256:d5dd27400105f94a69794f6ad2f75b9c5cee19b5cd4af9e3152be2bd17706902",
                "sha256:da4b1d5d0fe31858f4fbcdfb14bc8a25587a47697e9ac4524d6e09e69ed48c2c",
                "sha256:de5ed749eea219b34582633e6c55ed986186bd4801a804df3fab884a2887c430",
                "sha256:de91fb91a147f713b8c7a427fe2be141f7819086f543ccee64afcbd18bc38e0c",
                "sha256:e13ce40e0534bda60566492cd754fed90b4e2785c393213d093fee947c9b40d5",
                "sha256:e364522b5b91be6a902ecbe5dbfb73314aba430b0b1d48d1f5c364e2a457862d",
                "sha256:ec0df3141168ffe9a2e50748d192b8aae21c8564d7ddef7eb3c0a4af0bd4cff3",
                "sha256:ed2458e5e6aae3540099883d320052d26588efc1c539ee5215b6a8511a490851",
                "sha256:ee5cf6fa3f5e7e1d18bba39018259af7a9cf6588009d8ca110ec6554eb8f8ee4",
                "sha256:eebf68abfed9ac039a8578ba0e19e3b171c77ae0eaa77e77a72e3d5504a30345",
                "sha256:eecb889b9acd611e45b71de6b9754558cb35daaa242da40edafa8daa74e10036",
                "sha256:fa418f75c126dc011078271df3845eae559b849b54eaf7f6a405bfc012dc2273"
            ],
            "markers": "python_version >= '3.7'",
            "version": "==1.0.3"
        },
        "idna": {
            "hashes": [
                "sha256:814f528e8dead7d329833b91c5faa87d60bf71824cd12a7530b5526063d02cb4",
                "sha256:90b77e79eaa3eba6de819a0c442c0b4ceefc341a7a2ab77d7562bf49f425c5c2"
            ],
            "markers": "python_version >= '3.5'",
            "version": "==3.4"
        },
        "jinja2": {
            "hashes": [
                "sha256:31351a702a408a9e7595a8fc6150fc3f43bb6bf7e319770cbc0db9df9437e852",
                "sha256:6088930bfe239f0e6710546ab9c19c9ef35e29792895fed6e6e31a023a182a61"
            ],
            "markers": "python_version >= '3.7'",
            "version": "==3.1.2"
        },
        "markupsafe": {
            "hashes": [
                "sha256:1b40069d487e7edb2676d3fbdb2b0829ffa2cd63a2ec26c4938b2d34391b4ecc",
                "sha256:af598ed32d6ae86f1b747b82783958b1a4ab8f617b06fe68795c7f026abbdcad"
            ],
            "markers": "python_version >= '3.7'",
            "version": "==2.1.3"
        },
        "multimethod": {
            "hashes": [
                "sha256:1589bf52ca294667fd15527ea830127c763f5bfc38562e3642591ffd0fd9d56f",
                "sha256:52f8f1f2b9d5a4c7adfdcc114dbeeebe3245a4420801e8807e26522a79fb6bc2"
            ],
            "markers": "python_version >= '3.7'",
            "version": "==1.9.1"
        },
        "nlopt": {
            "hashes": [
                "sha256:087ff54de5ec0375fd18f843b36e9a8590c0f1e194bb45d3119ba844aeb836dd",
                "sha256:33f9370bd37788b4ac792cf161835f1e4e9bbad8bfb5a76f75a295ae38dcd8d0",
                "sha256:3e1653de0060a42d6709423e6160888893bb688f4ff79aa0f1def4701ea25dd8",
                "sha256:426c18548d733640449d707c82eb57c09a5f01d4b064f87312808d194d227f24",
                "sha256:42b7883704e1285ff40d930699eb7fc7e1341229da33666b4163459cfdf89fb1",
                "sha256:479a415f522051f6d728a3279c013aab96a6eaf3c323a89582dcb07eb636f15f",
                "sha256:6ba0862162248442fbf1f04b20a321c11ff40ff4442a12aaaafcdaff9abb0ab7",
                "sha256:757c41210f3ab6173e5c508c79c7833e33cf90a068d098b1e13d277432120b81",
                "sha256:79791a2179d1cf708622eaeea76c88acbadc6af0d2f198df21a74473838686c3",
                "sha256:7a12fe3cbfb36a6a18f84a1ac23ed3dda323860235381b3d2d182d8b771783ef",
                "sha256:88ec7cf491da150d497ecc61889bc7adb0af0ad05a67e925a4f5ac88e20f1b9c",
                "sha256:8e7b65cf3a751e822b02f28b65d0c548052523fa6333619af3f24fec60a6b6bd",
                "sha256:aad38bab99348f6c3bbf0d5f339b3fd77465b27ef44c330f4ba512a40b87b373",
                "sha256:b4a05448f0ffebbab7a6a822297430e018c848652280e6efa13484e210291d5c",
                "sha256:d99f1d6217bc3ead6fa6fe84a923577003f9a5f760cd354a3f8dcd1e11d626ce"
            ],
            "markers": "python_version >= '3.6'",
            "version": "==2.7.1"
        },
        "nptyping": {
            "hashes": [
                "sha256:0fc5c4d76c65e12a77e750b9e2701dab6468d00926c8c4f383867bd70598a532"
            ],
            "markers": "python_version >= '3.7'",
            "version": "==2.0.1"
        },
        "numpy": {
            "hashes": [
                "sha256:04640dab83f7c6c85abf9cd729c5b65f1ebd0ccf9de90b270cd61935eef0197f",
                "sha256:1452241c290f3e2a312c137a9999cdbf63f78864d63c79039bda65ee86943f61",
                "sha256:222e40d0e2548690405b0b3c7b21d1169117391c2e82c378467ef9ab4c8f0da7",
                "sha256:2541312fbf09977f3b3ad449c4e5f4bb55d0dbf79226d7724211acc905049400",
                "sha256:31f13e25b4e304632a4619d0e0777662c2ffea99fcae2029556b17d8ff958aef",
                "sha256:4602244f345453db537be5314d3983dbf5834a9701b7723ec28923e2889e0bb2",
                "sha256:4979217d7de511a8d57f4b4b5b2b965f707768440c17cb70fbf254c4b225238d",
                "sha256:4c21decb6ea94057331e111a5bed9a79d335658c27ce2adb580fb4d54f2ad9bc",
                "sha256:6620c0acd41dbcb368610bb2f4d83145674040025e5536954782467100aa8835",
                "sha256:692f2e0f55794943c5bfff12b3f56f99af76f902fc47487bdfe97856de51a706",
                "sha256:7215847ce88a85ce39baf9e89070cb860c98fdddacbaa6c0da3ffb31b3350bd5",
                "sha256:79fc682a374c4a8ed08b331bef9c5f582585d1048fa6d80bc6c35bc384eee9b4",
                "sha256:7ffe43c74893dbf38c2b0a1f5428760a1a9c98285553c89e12d70a96a7f3a4d6",
                "sha256:80f5e3a4e498641401868df4208b74581206afbee7cf7b8329daae82676d9463",
                "sha256:95f7ac6540e95bc440ad77f56e520da5bf877f87dca58bd095288dce8940532a",
                "sha256:9667575fb6d13c95f1b36aca12c5ee3356bf001b714fc354eb5465ce1609e62f",
                "sha256:a5425b114831d1e77e4b5d812b69d11d962e104095a5b9c3b641a218abcc050e",
                "sha256:b4bea75e47d9586d31e892a7401f76e909712a0fd510f58f5337bea9572c571e",
                "sha256:b7b1fc9864d7d39e28f41d089bfd6353cb5f27ecd9905348c24187a768c79694",
                "sha256:befe2bf740fd8373cf56149a5c23a0f601e82869598d41f8e188a0e9869926f8",
                "sha256:c0bfb52d2169d58c1cdb8cc1f16989101639b34c7d3ce60ed70b19c63eba0b64",
                "sha256:d11efb4dbecbdf22508d55e48d9c8384db795e1b7b51ea735289ff96613ff74d",
                "sha256:dd80e219fd4c71fc3699fc1dadac5dcf4fd882bfc6f7ec53d30fa197b8ee22dc",
                "sha256:e2926dac25b313635e4d6cf4dc4e51c8c0ebfed60b801c799ffc4c32bf3d1254",
                "sha256:e98f220aa76ca2a977fe435f5b04d7b3470c0a2e6312907b37ba6068f26787f2",
                "sha256:ed094d4f0c177b1b8e7aa9cba7d6ceed51c0e569a5318ac0ca9a090680a6a1b1",
                "sha256:f136bab9c2cfd8da131132c2cf6cc27331dd6fae65f95f69dcd4ae3c3639c810",
                "sha256:f3a86ed21e4f87050382c7bc96571755193c4c1392490744ac73d660e8f564a9"
            ],
            "markers": "python_version >= '3.8'",
            "version": "==1.24.4"
        },
        "path": {
            "hashes": [
                "sha256:2b477f5887033f3cbea1cfd8553ee6a6a498eb2540a19f4aa082822aadcea30a",
                "sha256:57f6ac8209c2b8fd3c515cf013e3b288af43460dddacf1d0249839aabcc14517"
            ],
            "markers": "python_version >= '3.8'",
            "version": "==16.7.1"
        },
        "pyparsing": {
            "hashes": [
                "sha256:3e4710eac2986826fa05c3e52671a0fd403280458e64545c9ac4720ddc9c6302",
                "sha256:4f44f396e60f6ba92acae3e8067abd94112e7d55f1f8740386d2e31347cff871",
                "sha256:81d85ba7025578a9b57f6c6deabd3016849dd40cf68f615b348dbd30edfeea6a",
                "sha256:840c304e2d0928d6273eadea1ef28bf0a6447fb308ae8b683dbd67042fd4b7ca",
                "sha256:bc6926958617caafb8d3e07180f53aef29bd43ce913952c0991c4793b673b07c",
                "sha256:bf0d2844c75e9510119142cfc4aba20c0043121a736010f47f2500a7fb2134c0",
                "sha256:d554a96d1a7d3ddaf7183104485bc19fd80543ad6ac5bdb6426719d766fb06c1",
                "sha256:edb662d6fe322d6e990b1594b5feaeadf806803359e3d4d42f11e295e588f0ea"
            ],
            "markers": "python_full_version >= '3.6.8'",
            "version": "==3.1.0"
        },
        "requests": {
            "hashes": [
                "sha256:58cd2187c01e70e6e26505bca751777aa9f2ee0b7f4300988b709f44e013003f",
                "sha256:942c5a758f98d790eaed1a29cb6eefc7ffb0d1cf7af05c3d2791656dbd6ad1e1"
            ],
            "markers": "python_version >= '3.7'",
            "version": "==2.31.0"
        },
        "six": {
            "hashes": [
                "sha256:1e61c37477a1626458e36f7b1d82aa5c9b094fa4802892072e49de9c60c4c926",
                "sha256:8abb2f1d86890a2dfb989f9a77cfcfd3e47c2a354b01111771326f8aa26e0254"
            ],
            "markers": "python_version >= '2.7' and python_version not in '3.0, 3.1, 3.2, 3.3'",
            "version": "==1.16.0"
        },
        "tinydb": {
            "hashes": [
                "sha256:30c06d12383d7c332e404ca6a6103fb2b32cbf25712689648c39d9a6bd34bd3d",
                "sha256:6dd686a9c5a75dfa9280088fd79a419aefe19cd7f4bd85eba203540ef856d564"
            ],
            "markers": "python_version >= '3.7' and python_version < '4.0'",
            "version": "==4.8.0"
        },
        "typing-extensions": {
            "hashes": [
                "sha256:440d5dd3af93b060174bf433bccd69b0babc3b15b1a8dca43789fd7f61514b36",
                "sha256:b75ddc264f0ba5615db7ba217daeb99701ad295353c45f9e95963337ceeeffb2"
            ],
            "markers": "python_version < '3.10'",
            "version": "==4.7.1"
        },
        "typish": {
            "hashes": [
                "sha256:03cfee5e6eb856dbf90244e18f4e4c41044c8790d5779f4e775f63f982e2f896"
            ],
            "version": "==1.9.3"
        },
        "urllib3": {
            "hashes": [
                "sha256:8d22f86aae8ef5e410d4f539fde9ce6b2113a001bb4d189e0aed70642d602b11",
                "sha256:de7df1803967d2c2a98e4b11bb7d6bd9210474c46e8a0401514e3a42a75ebde4"
            ],
            "markers": "python_version >= '3.7'",
            "version": "==2.0.4"
        }
    },
    "develop": {}
}
